// !$*UTF8*$!
{
	archiveVersion = 1;
	classes = {
	};
	objectVersion = 48;
	objects = {

/* Begin PBXBuildFile section */
		B770080020AD7A4E003E3154 /* WeWorkMacPlugin.framework in Frameworks */ = {isa = PBXBuildFile; fileRef = B77007F620AD7A4E003E3154 /* WeWorkMacPlugin.framework */; };
		B770080720AD7A4E003E3154 /* WeWorkMacPlugin.h in Headers */ = {isa = PBXBuildFile; fileRef = B77007F920AD7A4E003E3154 /* WeWorkMacPlugin.h */; settings = {ATTRIBUTES = (Public, ); }; };
		B7A5A6B920AD7AB8000FF11A /* main.mm in Sources */ = {isa = PBXBuildFile; fileRef = B7A5A6B820AD7AB8000FF11A /* main.mm */; };
		B7A5A6BE20AD7B59000FF11A /* NSObject+WorkWeChat.h in Headers */ = {isa = PBXBuildFile; fileRef = B7A5A6BC20AD7B59000FF11A /* NSObject+WorkWeChat.h */; };
		B7A5A6BF20AD7B59000FF11A /* NSObject+WorkWeChat.m in Sources */ = {isa = PBXBuildFile; fileRef = B7A5A6BD20AD7B59000FF11A /* NSObject+WorkWeChat.m */; };
		B7A5A6C320AD7C00000FF11A /* fishhook.h in Headers */ = {isa = PBXBuildFile; fileRef = B7A5A6C120AD7C00000FF11A /* fishhook.h */; };
		B7A5A6C420AD7C00000FF11A /* fishhook.c in Sources */ = {isa = PBXBuildFile; fileRef = B7A5A6C220AD7C00000FF11A /* fishhook.c */; };
		B7A5A6C520AD7C00000FF11A /* fishhook.c in Sources */ = {isa = PBXBuildFile; fileRef = B7A5A6C220AD7C00000FF11A /* fishhook.c */; };
		B7AA8E5120AE64DB004B5799 /* WllQueue.h in Headers */ = {isa = PBXBuildFile; fileRef = B7AA8E4E20AE64DB004B5799 /* WllQueue.h */; };
		B7AA8E5220AE64DB004B5799 /* WLLTools.h in Headers */ = {isa = PBXBuildFile; fileRef = B7AA8E4F20AE64DB004B5799 /* WLLTools.h */; };
		B7AA8E5320AE64DB004B5799 /* WLLTools.m in Sources */ = {isa = PBXBuildFile; fileRef = B7AA8E5020AE64DB004B5799 /* WLLTools.m */; };
		B7B89A8C20AEA2390060FD5D /* BigBang.m in Sources */ = {isa = PBXBuildFile; fileRef = B7B89A8A20AEA2380060FD5D /* BigBang.m */; };
		B7B89A8D20AEA2390060FD5D /* BigBang.h in Headers */ = {isa = PBXBuildFile; fileRef = B7B89A8B20AEA2380060FD5D /* BigBang.h */; };
/* End PBXBuildFile section */

/* Begin PBXContainerItemProxy section */
		B770080120AD7A4E003E3154 /* PBXContainerItemProxy */ = {
			isa = PBXContainerItemProxy;
			containerPortal = B77007ED20AD7A4E003E3154 /* Project object */;
			proxyType = 1;
			remoteGlobalIDString = B77007F520AD7A4E003E3154;
			remoteInfo = WeWorkMacPlugin;
		};
/* End PBXContainerItemProxy section */

/* Begin PBXFileReference section */
		B77007F620AD7A4E003E3154 /* WeWorkMacPlugin.framework */ = {isa = PBXFileReference; explicitFileType = wrapper.framework; includeInIndex = 0; path = WeWorkMacPlugin.framework; sourceTree = BUILT_PRODUCTS_DIR; };
		B77007F920AD7A4E003E3154 /* WeWorkMacPlugin.h */ = {isa = PBXFileReference; lastKnownFileType = sourcecode.c.h; path = WeWorkMacPlugin.h; sourceTree = "<group>"; };
		B77007FA20AD7A4E003E3154 /* Info.plist */ = {isa = PBXFileReference; lastKnownFileType = text.plist.xml; path = Info.plist; sourceTree = "<group>"; };
		B77007FF20AD7A4E003E3154 /* WeWorkMacPluginTests.xctest */ = {isa = PBXFileReference; explicitFileType = wrapper.cfbundle; includeInIndex = 0; path = WeWorkMacPluginTests.xctest; sourceTree = BUILT_PRODUCTS_DIR; };
		B7A5A6B820AD7AB8000FF11A /* main.mm */ = {isa = PBXFileReference; lastKnownFileType = sourcecode.cpp.objcpp; path = main.mm; sourceTree = "<group>"; };
		B7A5A6BC20AD7B59000FF11A /* NSObject+WorkWeChat.h */ = {isa = PBXFileReference; lastKnownFileType = sourcecode.c.h; path = "NSObject+WorkWeChat.h"; sourceTree = "<group>"; };
		B7A5A6BD20AD7B59000FF11A /* NSObject+WorkWeChat.m */ = {isa = PBXFileReference; lastKnownFileType = sourcecode.c.objc; path = "NSObject+WorkWeChat.m"; sourceTree = "<group>"; };
		B7A5A6C120AD7C00000FF11A /* fishhook.h */ = {isa = PBXFileReference; fileEncoding = 4; lastKnownFileType = sourcecode.c.h; path = fishhook.h; sourceTree = "<group>"; };
		B7A5A6C220AD7C00000FF11A /* fishhook.c */ = {isa = PBXFileReference; fileEncoding = 4; lastKnownFileType = sourcecode.c.c; path = fishhook.c; sourceTree = "<group>"; };
		B7AA8E4E20AE64DB004B5799 /* WllQueue.h */ = {isa = PBXFileReference; fileEncoding = 4; lastKnownFileType = sourcecode.c.h; path = WllQueue.h; sourceTree = "<group>"; };
		B7AA8E4F20AE64DB004B5799 /* WLLTools.h */ = {isa = PBXFileReference; fileEncoding = 4; lastKnownFileType = sourcecode.c.h; path = WLLTools.h; sourceTree = "<group>"; };
		B7AA8E5020AE64DB004B5799 /* WLLTools.m */ = {isa = PBXFileReference; fileEncoding = 4; lastKnownFileType = sourcecode.c.objc; path = WLLTools.m; sourceTree = "<group>"; };
		B7B89A8A20AEA2380060FD5D /* BigBang.m */ = {isa = PBXFileReference; fileEncoding = 4; lastKnownFileType = sourcecode.c.objc; path = BigBang.m; sourceTree = "<group>"; };
		B7B89A8B20AEA2380060FD5D /* BigBang.h */ = {isa = PBXFileReference; fileEncoding = 4; lastKnownFileType = sourcecode.c.h; path = BigBang.h; sourceTree = "<group>"; };
/* End PBXFileReference section */

/* Begin PBXFrameworksBuildPhase section */
		B77007F220AD7A4E003E3154 /* Frameworks */ = {
			isa = PBXFrameworksBuildPhase;
			buildActionMask = 2147483647;
			files = (
			);
			runOnlyForDeploymentPostprocessing = 0;
		};
		B77007FC20AD7A4E003E3154 /* Frameworks */ = {
			isa = PBXFrameworksBuildPhase;
			buildActionMask = 2147483647;
			files = (
				B770080020AD7A4E003E3154 /* WeWorkMacPlugin.framework in Frameworks */,
			);
			runOnlyForDeploymentPostprocessing = 0;
		};
/* End PBXFrameworksBuildPhase section */

/* Begin PBXGroup section */
		B77007EC20AD7A4E003E3154 = {
			isa = PBXGroup;
			children = (
				B77007F820AD7A4E003E3154 /* WeWorkMacPlugin */,
				B77007F720AD7A4E003E3154 /* Products */,
			);
			sourceTree = "<group>";
		};
		B77007F720AD7A4E003E3154 /* Products */ = {
			isa = PBXGroup;
			children = (
				B77007F620AD7A4E003E3154 /* WeWorkMacPlugin.framework */,
				B77007FF20AD7A4E003E3154 /* WeWorkMacPluginTests.xctest */,
			);
			name = Products;
			sourceTree = "<group>";
		};
		B77007F820AD7A4E003E3154 /* WeWorkMacPlugin */ = {
			isa = PBXGroup;
			children = (
				B7AA8E4D20AE64DB004B5799 /* Utils */,
				B7A5A6C020AD7BE0000FF11A /* Vendor */,
				B7A5A6BB20AD7B34000FF11A /* Category */,
				B7A5A6BA20AD7B17000FF11A /* Common */,
				B7A5A6B720AD7A9A000FF11A /* Supporting Files */,
			);
			path = WeWorkMacPlugin;
			sourceTree = "<group>";
		};
		B7A5A6B720AD7A9A000FF11A /* Supporting Files */ = {
			isa = PBXGroup;
			children = (
				B7A5A6B820AD7AB8000FF11A /* main.mm */,
				B77007F920AD7A4E003E3154 /* WeWorkMacPlugin.h */,
				B77007FA20AD7A4E003E3154 /* Info.plist */,
			);
			path = "Supporting Files";
			sourceTree = "<group>";
		};
		B7A5A6BA20AD7B17000FF11A /* Common */ = {
			isa = PBXGroup;
			children = (
			);
			path = Common;
			sourceTree = "<group>";
		};
		B7A5A6BB20AD7B34000FF11A /* Category */ = {
			isa = PBXGroup;
			children = (
				B7A5A6BC20AD7B59000FF11A /* NSObject+WorkWeChat.h */,
				B7A5A6BD20AD7B59000FF11A /* NSObject+WorkWeChat.m */,
			);
			path = Category;
			sourceTree = "<group>";
		};
		B7A5A6C020AD7BE0000FF11A /* Vendor */ = {
			isa = PBXGroup;
			children = (
				B7B89A8B20AEA2380060FD5D /* BigBang.h */,
				B7B89A8A20AEA2380060FD5D /* BigBang.m */,
				B7A5A6C220AD7C00000FF11A /* fishhook.c */,
				B7A5A6C120AD7C00000FF11A /* fishhook.h */,
			);
			path = Vendor;
			sourceTree = "<group>";
		};
		B7AA8E4D20AE64DB004B5799 /* Utils */ = {
			isa = PBXGroup;
			children = (
				B7AA8E4E20AE64DB004B5799 /* WllQueue.h */,
				B7AA8E4F20AE64DB004B5799 /* WLLTools.h */,
				B7AA8E5020AE64DB004B5799 /* WLLTools.m */,
			);
			path = Utils;
			sourceTree = "<group>";
		};
/* End PBXGroup section */

/* Begin PBXHeadersBuildPhase section */
		B77007F320AD7A4E003E3154 /* Headers */ = {
			isa = PBXHeadersBuildPhase;
			buildActionMask = 2147483647;
			files = (
				B7AA8E5120AE64DB004B5799 /* WllQueue.h in Headers */,
				B7B89A8D20AEA2390060FD5D /* BigBang.h in Headers */,
				B770080720AD7A4E003E3154 /* WeWorkMacPlugin.h in Headers */,
				B7AA8E5220AE64DB004B5799 /* WLLTools.h in Headers */,
				B7A5A6BE20AD7B59000FF11A /* NSObject+WorkWeChat.h in Headers */,
				B7A5A6C320AD7C00000FF11A /* fishhook.h in Headers */,
			);
			runOnlyForDeploymentPostprocessing = 0;
		};
/* End PBXHeadersBuildPhase section */

/* Begin PBXNativeTarget section */
		B77007F520AD7A4E003E3154 /* WeWorkMacPlugin */ = {
			isa = PBXNativeTarget;
			buildConfigurationList = B770080A20AD7A4E003E3154 /* Build configuration list for PBXNativeTarget "WeWorkMacPlugin" */;
			buildPhases = (
				B77007F120AD7A4E003E3154 /* Sources */,
				B77007F220AD7A4E003E3154 /* Frameworks */,
				B77007F320AD7A4E003E3154 /* Headers */,
				B77007F420AD7A4E003E3154 /* Resources */,
				B753148C2405294500376A93 /* ShellScript */,
			);
			buildRules = (
			);
			dependencies = (
			);
			name = WeWorkMacPlugin;
			productName = WeWorkMacPlugin;
			productReference = B77007F620AD7A4E003E3154 /* WeWorkMacPlugin.framework */;
			productType = "com.apple.product-type.framework";
		};
		B77007FE20AD7A4E003E3154 /* WeWorkMacPluginTests */ = {
			isa = PBXNativeTarget;
			buildConfigurationList = B770080D20AD7A4E003E3154 /* Build configuration list for PBXNativeTarget "WeWorkMacPluginTests" */;
			buildPhases = (
				B77007FB20AD7A4E003E3154 /* Sources */,
				B77007FC20AD7A4E003E3154 /* Frameworks */,
				B77007FD20AD7A4E003E3154 /* Resources */,
			);
			buildRules = (
			);
			dependencies = (
				B770080220AD7A4E003E3154 /* PBXTargetDependency */,
			);
			name = WeWorkMacPluginTests;
			productName = WeWorkMacPluginTests;
			productReference = B77007FF20AD7A4E003E3154 /* WeWorkMacPluginTests.xctest */;
			productType = "com.apple.product-type.bundle.unit-test";
		};
/* End PBXNativeTarget section */

/* Begin PBXProject section */
		B77007ED20AD7A4E003E3154 /* Project object */ = {
			isa = PBXProject;
			attributes = {
				LastUpgradeCheck = 0910;
				ORGANIZATIONNAME = Anonymous;
				TargetAttributes = {
					B77007F520AD7A4E003E3154 = {
						CreatedOnToolsVersion = 9.1;
						ProvisioningStyle = Automatic;
					};
					B77007FE20AD7A4E003E3154 = {
						CreatedOnToolsVersion = 9.1;
						ProvisioningStyle = Automatic;
					};
				};
			};
			buildConfigurationList = B77007F020AD7A4E003E3154 /* Build configuration list for PBXProject "WeWorkMacPlugin" */;
			compatibilityVersion = "Xcode 8.0";
			developmentRegion = en;
			hasScannedForEncodings = 0;
			knownRegions = (
				en,
			);
			mainGroup = B77007EC20AD7A4E003E3154;
			productRefGroup = B77007F720AD7A4E003E3154 /* Products */;
			projectDirPath = "";
			projectRoot = "";
			targets = (
				B77007F520AD7A4E003E3154 /* WeWorkMacPlugin */,
				B77007FE20AD7A4E003E3154 /* WeWorkMacPluginTests */,
			);
		};
/* End PBXProject section */

/* Begin PBXResourcesBuildPhase section */
		B77007F420AD7A4E003E3154 /* Resources */ = {
			isa = PBXResourcesBuildPhase;
			buildActionMask = 2147483647;
			files = (
			);
			runOnlyForDeploymentPostprocessing = 0;
		};
		B77007FD20AD7A4E003E3154 /* Resources */ = {
			isa = PBXResourcesBuildPhase;
			buildActionMask = 2147483647;
			files = (
			);
			runOnlyForDeploymentPostprocessing = 0;
		};
/* End PBXResourcesBuildPhase section */

/* Begin PBXShellScriptBuildPhase section */
		B753148C2405294500376A93 /* ShellScript */ = {
			isa = PBXShellScriptBuildPhase;
			buildActionMask = 2147483647;
			files = (
			);
			inputFileListPaths = (
			);
			inputPaths = (
			);
			outputFileListPaths = (
			);
			outputPaths = (
			);
			runOnlyForDeploymentPostprocessing = 0;
			shellPath = /bin/sh;
			shellScript = "#!/bin/bash\napp_name=\"企业微信\"\nframework_name=\"WeWorkMacPlugin\"\napp_bundle_path=\"/Applications/${app_name}.app/Contents/MacOS\"\napp_executable_path=\"${app_bundle_path}/${app_name}\"\napp_executable_backup_path=\"${app_executable_path}_backup\"\nframework_path=\"${app_bundle_path}/${framework_name}.framework\"\n# 备份WeChat原始可执行文件\nif [ ! -f \"$app_executable_backup_path\" ]\nthen\ncp \"$app_executable_path\" \"$app_executable_backup_path\"\nfi\n\nrm -rf \"./Other/Products/Debug/${framework_name}.framework\"\ncp -r \"${BUILT_PRODUCTS_DIR}/${framework_name}.framework\" \"./Other/Products/Debug/${framework_name}.framework\"\ncp -r \"${BUILT_PRODUCTS_DIR}/${framework_name}.framework\" ${app_bundle_path}\n./Other/insert_dylib --all-yes \"${framework_path}/${framework_name}\" \"$app_executable_backup_path\" \"$app_executable_path\"\n\n";
		};
/* End PBXShellScriptBuildPhase section */

/* Begin PBXSourcesBuildPhase section */
		B77007F120AD7A4E003E3154 /* Sources */ = {
			isa = PBXSourcesBuildPhase;
			buildActionMask = 2147483647;
			files = (
				B7A5A6BF20AD7B59000FF11A /* NSObject+WorkWeChat.m in Sources */,
				B7AA8E5320AE64DB004B5799 /* WLLTools.m in Sources */,
				B7A5A6C420AD7C00000FF11A /* fishhook.c in Sources */,
				B7A5A6B920AD7AB8000FF11A /* main.mm in Sources */,
				B7B89A8C20AEA2390060FD5D /* BigBang.m in Sources */,
			);
			runOnlyForDeploymentPostprocessing = 0;
		};
		B77007FB20AD7A4E003E3154 /* Sources */ = {
			isa = PBXSourcesBuildPhase;
			buildActionMask = 2147483647;
			files = (
				B7A5A6C520AD7C00000FF11A /* fishhook.c in Sources */,
			);
			runOnlyForDeploymentPostprocessing = 0;
		};
/* End PBXSourcesBuildPhase section */

/* Begin PBXTargetDependency section */
		B770080220AD7A4E003E3154 /* PBXTargetDependency */ = {
			isa = PBXTargetDependency;
			target = B77007F520AD7A4E003E3154 /* WeWorkMacPlugin */;
			targetProxy = B770080120AD7A4E003E3154 /* PBXContainerItemProxy */;
		};
/* End PBXTargetDependency section */

/* Begin XCBuildConfiguration section */
		B770080820AD7A4E003E3154 /* Debug */ = {
			isa = XCBuildConfiguration;
			buildSettings = {
				ALWAYS_SEARCH_USER_PATHS = NO;
				CLANG_ANALYZER_NONNULL = YES;
				CLANG_ANALYZER_NUMBER_OBJECT_CONVERSION = YES_AGGRESSIVE;
				CLANG_CXX_LANGUAGE_STANDARD = "gnu++14";
				CLANG_CXX_LIBRARY = "libc++";
				CLANG_ENABLE_MODULES = YES;
				CLANG_ENABLE_OBJC_ARC = YES;
				CLANG_WARN_BLOCK_CAPTURE_AUTORELEASING = YES;
				CLANG_WARN_BOOL_CONVERSION = YES;
				CLANG_WARN_COMMA = YES;
				CLANG_WARN_CONSTANT_CONVERSION = YES;
				CLANG_WARN_DIRECT_OBJC_ISA_USAGE = YES_ERROR;
				CLANG_WARN_DOCUMENTATION_COMMENTS = YES;
				CLANG_WARN_EMPTY_BODY = YES;
				CLANG_WARN_ENUM_CONVERSION = YES;
				CLANG_WARN_INFINITE_RECURSION = YES;
				CLANG_WARN_INT_CONVERSION = YES;
				CLANG_WARN_NON_LITERAL_NULL_CONVERSION = YES;
				CLANG_WARN_OBJC_LITERAL_CONVERSION = YES;
				CLANG_WARN_OBJC_ROOT_CLASS = YES_ERROR;
				CLANG_WARN_RANGE_LOOP_ANALYSIS = YES;
				CLANG_WARN_STRICT_PROTOTYPES = YES;
				CLANG_WARN_SUSPICIOUS_MOVE = YES;
				CLANG_WARN_UNGUARDED_AVAILABILITY = YES_AGGRESSIVE;
				CLANG_WARN_UNREACHABLE_CODE = YES;
				CLANG_WARN__DUPLICATE_METHOD_MATCH = YES;
				CODE_SIGN_IDENTITY = "Mac Developer";
				COPY_PHASE_STRIP = NO;
				CURRENT_PROJECT_VERSION = 1;
				DEBUG_INFORMATION_FORMAT = dwarf;
				ENABLE_STRICT_OBJC_MSGSEND = YES;
				ENABLE_TESTABILITY = YES;
				GCC_C_LANGUAGE_STANDARD = gnu11;
				GCC_DYNAMIC_NO_PIC = NO;
				GCC_NO_COMMON_BLOCKS = YES;
				GCC_OPTIMIZATION_LEVEL = 0;
				GCC_PREPROCESSOR_DEFINITIONS = (
					"DEBUG=1",
					"$(inherited)",
				);
				GCC_WARN_64_TO_32_BIT_CONVERSION = YES;
				GCC_WARN_ABOUT_RETURN_TYPE = YES_ERROR;
				GCC_WARN_UNDECLARED_SELECTOR = YES;
				GCC_WARN_UNINITIALIZED_AUTOS = YES_AGGRESSIVE;
				GCC_WARN_UNUSED_FUNCTION = YES;
				GCC_WARN_UNUSED_VARIABLE = YES;
				MACOSX_DEPLOYMENT_TARGET = 10.12;
				MTL_ENABLE_DEBUG_INFO = YES;
				ONLY_ACTIVE_ARCH = YES;
				SDKROOT = macosx;
				VERSIONING_SYSTEM = "apple-generic";
				VERSION_INFO_PREFIX = "";
			};
			name = Debug;
		};
		B770080920AD7A4E003E3154 /* Release */ = {
			isa = XCBuildConfiguration;
			buildSettings = {
				ALWAYS_SEARCH_USER_PATHS = NO;
				CLANG_ANALYZER_NONNULL = YES;
				CLANG_ANALYZER_NUMBER_OBJECT_CONVERSION = YES_AGGRESSIVE;
				CLANG_CXX_LANGUAGE_STANDARD = "gnu++14";
				CLANG_CXX_LIBRARY = "libc++";
				CLANG_ENABLE_MODULES = YES;
				CLANG_ENABLE_OBJC_ARC = YES;
				CLANG_WARN_BLOCK_CAPTURE_AUTORELEASING = YES;
				CLANG_WARN_BOOL_CONVERSION = YES;
				CLANG_WARN_COMMA = YES;
				CLANG_WARN_CONSTANT_CONVERSION = YES;
				CLANG_WARN_DIRECT_OBJC_ISA_USAGE = YES_ERROR;
				CLANG_WARN_DOCUMENTATION_COMMENTS = YES;
				CLANG_WARN_EMPTY_BODY = YES;
				CLANG_WARN_ENUM_CONVERSION = YES;
				CLANG_WARN_INFINITE_RECURSION = YES;
				CLANG_WARN_INT_CONVERSION = YES;
				CLANG_WARN_NON_LITERAL_NULL_CONVERSION = YES;
				CLANG_WARN_OBJC_LITERAL_CONVERSION = YES;
				CLANG_WARN_OBJC_ROOT_CLASS = YES_ERROR;
				CLANG_WARN_RANGE_LOOP_ANALYSIS = YES;
				CLANG_WARN_STRICT_PROTOTYPES = YES;
				CLANG_WARN_SUSPICIOUS_MOVE = YES;
				CLANG_WARN_UNGUARDED_AVAILABILITY = YES_AGGRESSIVE;
				CLANG_WARN_UNREACHABLE_CODE = YES;
				CLANG_WARN__DUPLICATE_METHOD_MATCH = YES;
				CODE_SIGN_IDENTITY = "Mac Developer";
				COPY_PHASE_STRIP = NO;
				CURRENT_PROJECT_VERSION = 1;
				DEBUG_INFORMATION_FORMAT = "dwarf-with-dsym";
				ENABLE_NS_ASSERTIONS = NO;
				ENABLE_STRICT_OBJC_MSGSEND = YES;
				GCC_C_LANGUAGE_STANDARD = gnu11;
				GCC_NO_COMMON_BLOCKS = YES;
				GCC_WARN_64_TO_32_BIT_CONVERSION = YES;
				GCC_WARN_ABOUT_RETURN_TYPE = YES_ERROR;
				GCC_WARN_UNDECLARED_SELECTOR = YES;
				GCC_WARN_UNINITIALIZED_AUTOS = YES_AGGRESSIVE;
				GCC_WARN_UNUSED_FUNCTION = YES;
				GCC_WARN_UNUSED_VARIABLE = YES;
				MACOSX_DEPLOYMENT_TARGET = 10.12;
				MTL_ENABLE_DEBUG_INFO = NO;
				SDKROOT = macosx;
				VERSIONING_SYSTEM = "apple-generic";
				VERSION_INFO_PREFIX = "";
			};
			name = Release;
		};
		B770080B20AD7A4E003E3154 /* Debug */ = {
			isa = XCBuildConfiguration;
			buildSettings = {
				CODE_SIGN_IDENTITY = "";
				CODE_SIGN_STYLE = Automatic;
				COMBINE_HIDPI_IMAGES = YES;
				DEFINES_MODULE = YES;
				DEVELOPMENT_TEAM = GDFHW66V92;
				DYLIB_COMPATIBILITY_VERSION = 1;
				DYLIB_CURRENT_VERSION = 1;
				DYLIB_INSTALL_NAME_BASE = ./;
				FRAMEWORK_VERSION = A;
				INFOPLIST_FILE = "WeWorkMacPlugin/Supporting Files/Info.plist";
				INSTALL_PATH = ./Other/Products/Release;
				LD_DYLIB_INSTALL_NAME = ./WeWorkMacPlugin.framework;
				LD_RUNPATH_SEARCH_PATHS = "$(inherited) @executable_path/../Frameworks @loader_path/Frameworks";
				PRODUCT_BUNDLE_IDENTIFIER = com.qiniu.WeWorkMacPlugin;
				PRODUCT_NAME = "$(TARGET_NAME:c99extidentifier)";
				SKIP_INSTALL = NO;
			};
			name = Debug;
		};
		B770080C20AD7A4E003E3154 /* Release */ = {
			isa = XCBuildConfiguration;
			buildSettings = {
				CODE_SIGN_IDENTITY = "";
				CODE_SIGN_STYLE = Automatic;
				COMBINE_HIDPI_IMAGES = YES;
				DEFINES_MODULE = YES;
				DEVELOPMENT_TEAM = GDFHW66V92;
				DYLIB_COMPATIBILITY_VERSION = 1;
				DYLIB_CURRENT_VERSION = 1;
				DYLIB_INSTALL_NAME_BASE = ./;
				FRAMEWORK_VERSION = A;
				INFOPLIST_FILE = "WeWorkMacPlugin/Supporting Files/Info.plist";
				INSTALL_PATH = ./Other/Products/Release;
				LD_DYLIB_INSTALL_NAME = ./WeWorkMacPlugin.framework;
				LD_RUNPATH_SEARCH_PATHS = "$(inherited) @executable_path/../Frameworks @loader_path/Frameworks";
				PRODUCT_BUNDLE_IDENTIFIER = com.qiniu.WeWorkMacPlugin;
				PRODUCT_NAME = "$(TARGET_NAME:c99extidentifier)";
				SKIP_INSTALL = NO;
			};
			name = Release;
		};
		B770080E20AD7A4E003E3154 /* Debug */ = {
			isa = XCBuildConfiguration;
			buildSettings = {
				CODE_SIGN_STYLE = Automatic;
				COMBINE_HIDPI_IMAGES = YES;
				DEVELOPMENT_TEAM = GDFHW66V92;
				INFOPLIST_FILE = WeWorkMacPluginTests/Info.plist;
				LD_RUNPATH_SEARCH_PATHS = "$(inherited) @executable_path/../Frameworks @loader_path/../Frameworks";
				PRODUCT_BUNDLE_IDENTIFIER = com.qiniu.WeWorkMacPluginTests;
				PRODUCT_NAME = "$(TARGET_NAME)";
			};
			name = Debug;
		};
		B770080F20AD7A4E003E3154 /* Release */ = {
			isa = XCBuildConfiguration;
			buildSettings = {
				CODE_SIGN_STYLE = Automatic;
				COMBINE_HIDPI_IMAGES = YES;
				DEVELOPMENT_TEAM = GDFHW66V92;
				INFOPLIST_FILE = WeWorkMacPluginTests/Info.plist;
				LD_RUNPATH_SEARCH_PATHS = "$(inherited) @executable_path/../Frameworks @loader_path/../Frameworks";
				PRODUCT_BUNDLE_IDENTIFIER = com.qiniu.WeWorkMacPluginTests;
				PRODUCT_NAME = "$(TARGET_NAME)";
			};
			name = Release;
		};
/* End XCBuildConfiguration section */

/* Begin XCConfigurationList section */
		B77007F020AD7A4E003E3154 /* Build configuration list for PBXProject "WeWorkMacPlugin" */ = {
			isa = XCConfigurationList;
			buildConfigurations = (
				B770080820AD7A4E003E3154 /* Debug */,
				B770080920AD7A4E003E3154 /* Release */,
			);
			defaultConfigurationIsVisible = 0;
			defaultConfigurationName = Release;
		};
		B770080A20AD7A4E003E3154 /* Build configuration list for PBXNativeTarget "WeWorkMacPlugin" */ = {
			isa = XCConfigurationList;
			buildConfigurations = (
				B770080B20AD7A4E003E3154 /* Debug */,
				B770080C20AD7A4E003E3154 /* Release */,
			);
			defaultConfigurationIsVisible = 0;
			defaultConfigurationName = Release;
		};
		B770080D20AD7A4E003E3154 /* Build configuration list for PBXNativeTarget "WeWorkMacPluginTests" */ = {
			isa = XCConfigurationList;
			buildConfigurations = (
				B770080E20AD7A4E003E3154 /* Debug */,
				B770080F20AD7A4E003E3154 /* Release */,
			);
			defaultConfigurationIsVisible = 0;
			defaultConfigurationName = Release;
		};
/* End XCConfigurationList section */
	};
	rootObject = B77007ED20AD7A4E003E3154 /* Project object */;
}
